// !$*UTF8*$!
{
	archiveVersion = 1;
	classes = {
	};
	objectVersion = 50;
	objects = {

/* Begin PBXBuildFile section */
		100E42E523C8B3AF002D2C22 /* Legal&Credits.swift in Sources */ = {isa = PBXBuildFile; fileRef = 100E42E423C8B3AF002D2C22 /* Legal&Credits.swift */; };
		100E42E723C92F30002D2C22 /* Series1List.swift in Sources */ = {isa = PBXBuildFile; fileRef = 100E42E623C92F30002D2C22 /* Series1List.swift */; };
		102F196D23C752D7008A6697 /* AppDelegate.swift in Sources */ = {isa = PBXBuildFile; fileRef = 102F196C23C752D7008A6697 /* AppDelegate.swift */; };
		102F196F23C752D7008A6697 /* SceneDelegate.swift in Sources */ = {isa = PBXBuildFile; fileRef = 102F196E23C752D7008A6697 /* SceneDelegate.swift */; };
		102F197123C752D7008A6697 /* ContentView.swift in Sources */ = {isa = PBXBuildFile; fileRef = 102F197023C752D7008A6697 /* ContentView.swift */; };
		102F197323C75325008A6697 /* Assets.xcassets in Resources */ = {isa = PBXBuildFile; fileRef = 102F197223C75325008A6697 /* Assets.xcassets */; };
		102F197623C75325008A6697 /* Preview Assets.xcassets in Resources */ = {isa = PBXBuildFile; fileRef = 102F197523C75325008A6697 /* Preview Assets.xcassets */; };
		102F197923C75325008A6697 /* LaunchScreen.storyboard in Resources */ = {isa = PBXBuildFile; fileRef = 102F197723C75325008A6697 /* LaunchScreen.storyboard */; };
		102F198323C753BC008A6697 /* Header.swift in Sources */ = {isa = PBXBuildFile; fileRef = 102F198223C753BC008A6697 /* Header.swift */; };
		104F938323D2497900630755 /* SortBy.swift in Sources */ = {isa = PBXBuildFile; fileRef = 104F938223D2497800630755 /* SortBy.swift */; };
/* End PBXBuildFile section */

/* Begin PBXFileReference section */
		100E42E423C8B3AF002D2C22 /* Legal&Credits.swift */ = {isa = PBXFileReference; lastKnownFileType = sourcecode.swift; path = "Legal&Credits.swift"; sourceTree = "<group>"; };
		100E42E623C92F30002D2C22 /* Series1List.swift */ = {isa = PBXFileReference; lastKnownFileType = sourcecode.swift; path = Series1List.swift; sourceTree = "<group>"; };
		102F196923C752D7008A6697 /* SCPAccess.app */ = {isa = PBXFileReference; explicitFileType = wrapper.application; includeInIndex = 0; path = SCPAccess.app; sourceTree = BUILT_PRODUCTS_DIR; };
		102F196C23C752D7008A6697 /* AppDelegate.swift */ = {isa = PBXFileReference; lastKnownFileType = sourcecode.swift; path = AppDelegate.swift; sourceTree = "<group>"; };
		102F196E23C752D7008A6697 /* SceneDelegate.swift */ = {isa = PBXFileReference; lastKnownFileType = sourcecode.swift; path = SceneDelegate.swift; sourceTree = "<group>"; };
		102F197023C752D7008A6697 /* ContentView.swift */ = {isa = PBXFileReference; lastKnownFileType = sourcecode.swift; path = ContentView.swift; sourceTree = "<group>"; };
		102F197223C75325008A6697 /* Assets.xcassets */ = {isa = PBXFileReference; lastKnownFileType = folder.assetcatalog; path = Assets.xcassets; sourceTree = "<group>"; };
		102F197523C75325008A6697 /* Preview Assets.xcassets */ = {isa = PBXFileReference; lastKnownFileType = folder.assetcatalog; path = "Preview Assets.xcassets"; sourceTree = "<group>"; };
		102F197823C75325008A6697 /* Base */ = {isa = PBXFileReference; lastKnownFileType = file.storyboard; name = Base; path = Base.lproj/LaunchScreen.storyboard; sourceTree = "<group>"; };
		102F197A23C75325008A6697 /* Info.plist */ = {isa = PBXFileReference; lastKnownFileType = text.plist.xml; path = Info.plist; sourceTree = "<group>"; };
		102F198223C753BC008A6697 /* Header.swift */ = {isa = PBXFileReference; lastKnownFileType = sourcecode.swift; path = Header.swift; sourceTree = "<group>"; };
		104F938223D2497800630755 /* SortBy.swift */ = {isa = PBXFileReference; lastKnownFileType = sourcecode.swift; path = SortBy.swift; sourceTree = "<group>"; };
/* End PBXFileReference section */

/* Begin PBXFrameworksBuildPhase section */
		102F196623C752D6008A6697 /* Frameworks */ = {
			isa = PBXFrameworksBuildPhase;
			buildActionMask = 2147483647;
			files = (
			);
			runOnlyForDeploymentPostprocessing = 0;
		};
/* End PBXFrameworksBuildPhase section */

/* Begin PBXGroup section */
		102F196023C752D6008A6697 = {
			isa = PBXGroup;
			children = (
				102F196B23C752D7008A6697 /* SCPAccess */,
				102F196A23C752D7008A6697 /* Products */,
			);
			sourceTree = "<group>";
		};
		102F196A23C752D7008A6697 /* Products */ = {
			isa = PBXGroup;
			children = (
				102F196923C752D7008A6697 /* SCPAccess.app */,
			);
			name = Products;
			sourceTree = "<group>";
		};
		102F196B23C752D7008A6697 /* SCPAccess */ = {
			isa = PBXGroup;
			children = (
				102F198223C753BC008A6697 /* Header.swift */,
				102F196C23C752D7008A6697 /* AppDelegate.swift */,
				102F196E23C752D7008A6697 /* SceneDelegate.swift */,
				102F197023C752D7008A6697 /* ContentView.swift */,
				100E42E623C92F30002D2C22 /* Series1List.swift */,
				104F938223D2497800630755 /* SortBy.swift */,
				100E42E423C8B3AF002D2C22 /* Legal&Credits.swift */,
				102F197223C75325008A6697 /* Assets.xcassets */,
				102F197723C75325008A6697 /* LaunchScreen.storyboard */,
				102F197A23C75325008A6697 /* Info.plist */,
				102F197423C75325008A6697 /* Preview Content */,
			);
			path = SCPAccess;
			sourceTree = "<group>";
		};
		102F197423C75325008A6697 /* Preview Content */ = {
			isa = PBXGroup;
			children = (
				102F197523C75325008A6697 /* Preview Assets.xcassets */,
			);
			path = "Preview Content";
			sourceTree = "<group>";
		};
/* End PBXGroup section */

/* Begin PBXNativeTarget section */
		102F196823C752D6008A6697 /* SCPAccess */ = {
			isa = PBXNativeTarget;
			buildConfigurationList = 102F197D23C75325008A6697 /* Build configuration list for PBXNativeTarget "SCPAccess" */;
			buildPhases = (
				102F196523C752D6008A6697 /* Sources */,
				102F196623C752D6008A6697 /* Frameworks */,
				102F196723C752D6008A6697 /* Resources */,
			);
			buildRules = (
			);
			dependencies = (
			);
			name = SCPAccess;
			productName = SCPAccess;
			productReference = 102F196923C752D7008A6697 /* SCPAccess.app */;
			productType = "com.apple.product-type.application";
		};
/* End PBXNativeTarget section */

/* Begin PBXProject section */
		102F196123C752D6008A6697 /* Project object */ = {
			isa = PBXProject;
			attributes = {
				LastSwiftUpdateCheck = 1130;
				LastUpgradeCheck = 1130;
				ORGANIZATIONNAME = "Mason Frykman";
				TargetAttributes = {
					102F196823C752D6008A6697 = {
						CreatedOnToolsVersion = 11.3;
					};
				};
			};
			buildConfigurationList = 102F196423C752D6008A6697 /* Build configuration list for PBXProject "SCPAccess" */;
			compatibilityVersion = "Xcode 9.3";
			developmentRegion = en;
			hasScannedForEncodings = 0;
			knownRegions = (
				en,
				Base,
			);
			mainGroup = 102F196023C752D6008A6697;
			productRefGroup = 102F196A23C752D7008A6697 /* Products */;
			projectDirPath = "";
			projectRoot = "";
			targets = (
				102F196823C752D6008A6697 /* SCPAccess */,
			);
		};
/* End PBXProject section */

/* Begin PBXResourcesBuildPhase section */
		102F196723C752D6008A6697 /* Resources */ = {
			isa = PBXResourcesBuildPhase;
			buildActionMask = 2147483647;
			files = (
				102F197923C75325008A6697 /* LaunchScreen.storyboard in Resources */,
				102F197623C75325008A6697 /* Preview Assets.xcassets in Resources */,
				102F197323C75325008A6697 /* Assets.xcassets in Resources */,
			);
			runOnlyForDeploymentPostprocessing = 0;
		};
/* End PBXResourcesBuildPhase section */

/* Begin PBXSourcesBuildPhase section */
		102F196523C752D6008A6697 /* Sources */ = {
			isa = PBXSourcesBuildPhase;
			buildActionMask = 2147483647;
			files = (
				102F198323C753BC008A6697 /* Header.swift in Sources */,
				102F196D23C752D7008A6697 /* AppDelegate.swift in Sources */,
				102F196F23C752D7008A6697 /* SceneDelegate.swift in Sources */,
				102F197123C752D7008A6697 /* ContentView.swift in Sources */,
				100E42E723C92F30002D2C22 /* Series1List.swift in Sources */,
				100E42E523C8B3AF002D2C22 /* Legal&Credits.swift in Sources */,
				104F938323D2497900630755 /* SortBy.swift in Sources */,
			);
			runOnlyForDeploymentPostprocessing = 0;
		};
/* End PBXSourcesBuildPhase section */

/* Begin PBXVariantGroup section */
		102F197723C75325008A6697 /* LaunchScreen.storyboard */ = {
			isa = PBXVariantGroup;
			children = (
				102F197823C75325008A6697 /* Base */,
			);
			name = LaunchScreen.storyboard;
			sourceTree = "<group>";
		};
/* End PBXVariantGroup section */

/* Begin XCBuildConfiguration section */
		102F197B23C75325008A6697 /* Debug */ = {
			isa = XCBuildConfiguration;
			buildSettings = {
				ALWAYS_SEARCH_USER_PATHS = NO;
				CLANG_ANALYZER_NONNULL = YES;
				CLANG_ANALYZER_NUMBER_OBJECT_CONVERSION = YES_AGGRESSIVE;
				CLANG_CXX_LANGUAGE_STANDARD = "gnu++14";
				CLANG_CXX_LIBRARY = "libc++";
				CLANG_ENABLE_MODULES = YES;
				CLANG_ENABLE_OBJC_ARC = YES;
				CLANG_ENABLE_OBJC_WEAK = YES;
				CLANG_WARN_BLOCK_CAPTURE_AUTORELEASING = YES;
				CLANG_WARN_BOOL_CONVERSION = YES;
				CLANG_WARN_COMMA = YES;
				CLANG_WARN_CONSTANT_CONVERSION = YES;
				CLANG_WARN_DEPRECATED_OBJC_IMPLEMENTATIONS = YES;
				CLANG_WARN_DIRECT_OBJC_ISA_USAGE = YES_ERROR;
				CLANG_WARN_DOCUMENTATION_COMMENTS = YES;
				CLANG_WARN_EMPTY_BODY = YES;
				CLANG_WARN_ENUM_CONVERSION = YES;
				CLANG_WARN_INFINITE_RECURSION = YES;
				CLANG_WARN_INT_CONVERSION = YES;
				CLANG_WARN_NON_LITERAL_NULL_CONVERSION = YES;
				CLANG_WARN_OBJC_IMPLICIT_RETAIN_SELF = YES;
				CLANG_WARN_OBJC_LITERAL_CONVERSION = YES;
				CLANG_WARN_OBJC_ROOT_CLASS = YES_ERROR;
				CLANG_WARN_RANGE_LOOP_ANALYSIS = YES;
				CLANG_WARN_STRICT_PROTOTYPES = YES;
				CLANG_WARN_SUSPICIOUS_MOVE = YES;
				CLANG_WARN_UNGUARDED_AVAILABILITY = YES_AGGRESSIVE;
				CLANG_WARN_UNREACHABLE_CODE = YES;
				CLANG_WARN__DUPLICATE_METHOD_MATCH = YES;
				COPY_PHASE_STRIP = NO;
				DEBUG_INFORMATION_FORMAT = dwarf;
				ENABLE_STRICT_OBJC_MSGSEND = YES;
				ENABLE_TESTABILITY = YES;
				GCC_C_LANGUAGE_STANDARD = gnu11;
				GCC_DYNAMIC_NO_PIC = NO;
				GCC_NO_COMMON_BLOCKS = YES;
				GCC_OPTIMIZATION_LEVEL = 0;
				GCC_PREPROCESSOR_DEFINITIONS = (
					"DEBUG=1",
					"$(inherited)",
				);
				GCC_WARN_64_TO_32_BIT_CONVERSION = YES;
				GCC_WARN_ABOUT_RETURN_TYPE = YES_ERROR;
				GCC_WARN_UNDECLARED_SELECTOR = YES;
				GCC_WARN_UNINITIALIZED_AUTOS = YES_AGGRESSIVE;
				GCC_WARN_UNUSED_FUNCTION = YES;
				GCC_WARN_UNUSED_VARIABLE = YES;
				IPHONEOS_DEPLOYMENT_TARGET = 13.2;
				MTL_ENABLE_DEBUG_INFO = INCLUDE_SOURCE;
				MTL_FAST_MATH = YES;
				ONLY_ACTIVE_ARCH = YES;
				SDKROOT = iphoneos;
				SWIFT_ACTIVE_COMPILATION_CONDITIONS = DEBUG;
				SWIFT_OPTIMIZATION_LEVEL = "-Onone";
			};
			name = Debug;
		};
		102F197C23C75325008A6697 /* Release */ = {
			isa = XCBuildConfiguration;
			buildSettings = {
				ALWAYS_SEARCH_USER_PATHS = NO;
				CLANG_ANALYZER_NONNULL = YES;
				CLANG_ANALYZER_NUMBER_OBJECT_CONVERSION = YES_AGGRESSIVE;
				CLANG_CXX_LANGUAGE_STANDARD = "gnu++14";
				CLANG_CXX_LIBRARY = "libc++";
				CLANG_ENABLE_MODULES = YES;
				CLANG_ENABLE_OBJC_ARC = YES;
				CLANG_ENABLE_OBJC_WEAK = YES;
				CLANG_WARN_BLOCK_CAPTURE_AUTORELEASING = YES;
				CLANG_WARN_BOOL_CONVERSION = YES;
				CLANG_WARN_COMMA = YES;
				CLANG_WARN_CONSTANT_CONVERSION = YES;
				CLANG_WARN_DEPRECATED_OBJC_IMPLEMENTATIONS = YES;
				CLANG_WARN_DIRECT_OBJC_ISA_USAGE = YES_ERROR;
				CLANG_WARN_DOCUMENTATION_COMMENTS = YES;
				CLANG_WARN_EMPTY_BODY = YES;
				CLANG_WARN_ENUM_CONVERSION = YES;
				CLANG_WARN_INFINITE_RECURSION = YES;
				CLANG_WARN_INT_CONVERSION = YES;
				CLANG_WARN_NON_LITERAL_NULL_CONVERSION = YES;
				CLANG_WARN_OBJC_IMPLICIT_RETAIN_SELF = YES;
				CLANG_WARN_OBJC_LITERAL_CONVERSION = YES;
				CLANG_WARN_OBJC_ROOT_CLASS = YES_ERROR;
				CLANG_WARN_RANGE_LOOP_ANALYSIS = YES;
				CLANG_WARN_STRICT_PROTOTYPES = YES;
				CLANG_WARN_SUSPICIOUS_MOVE = YES;
				CLANG_WARN_UNGUARDED_AVAILABILITY = YES_AGGRESSIVE;
				CLANG_WARN_UNREACHABLE_CODE = YES;
				CLANG_WARN__DUPLICATE_METHOD_MATCH = YES;
				COPY_PHASE_STRIP = NO;
				DEBUG_INFORMATION_FORMAT = "dwarf-with-dsym";
				ENABLE_NS_ASSERTIONS = NO;
				ENABLE_STRICT_OBJC_MSGSEND = YES;
				GCC_C_LANGUAGE_STANDARD = gnu11;
				GCC_NO_COMMON_BLOCKS = YES;
				GCC_WARN_64_TO_32_BIT_CONVERSION = YES;
				GCC_WARN_ABOUT_RETURN_TYPE = YES_ERROR;
				GCC_WARN_UNDECLARED_SELECTOR = YES;
				GCC_WARN_UNINITIALIZED_AUTOS = YES_AGGRESSIVE;
				GCC_WARN_UNUSED_FUNCTION = YES;
				GCC_WARN_UNUSED_VARIABLE = YES;
				IPHONEOS_DEPLOYMENT_TARGET = 13.2;
				MTL_ENABLE_DEBUG_INFO = NO;
				MTL_FAST_MATH = YES;
				SDKROOT = iphoneos;
				SWIFT_COMPILATION_MODE = wholemodule;
				SWIFT_OPTIMIZATION_LEVEL = "-O";
				VALIDATE_PRODUCT = YES;
			};
			name = Release;
		};
		102F197E23C75325008A6697 /* Debug */ = {
			isa = XCBuildConfiguration;
			buildSettings = {
				ASSETCATALOG_COMPILER_APPICON_NAME = AppIcon;
				CODE_SIGN_STYLE = Automatic;
				DEVELOPMENT_ASSET_PATHS = "\"SCPAccess/Preview Content\"";
				DEVELOPMENT_TEAM = 4XLC6H6NGW;
				ENABLE_PREVIEWS = YES;
				INFOPLIST_FILE = SCPAccess/Info.plist;
				IPHONEOS_DEPLOYMENT_TARGET = 13.2;
				LD_RUNPATH_SEARCH_PATHS = (
					"$(inherited)",
					"@executable_path/Frameworks",
				);
				PRODUCT_BUNDLE_IDENTIFIER = eu.mfrykman.SCPAccess;
				PRODUCT_NAME = "$(TARGET_NAME)";
				SWIFT_VERSION = 5.0;
				TARGETED_DEVICE_FAMILY = 1;
			};
			name = Debug;
		};
		102F197F23C75325008A6697 /* Release */ = {
			isa = XCBuildConfiguration;
			buildSettings = {
				ASSETCATALOG_COMPILER_APPICON_NAME = AppIcon;
				CODE_SIGN_STYLE = Automatic;
				DEVELOPMENT_ASSET_PATHS = "\"SCPAccess/Preview Content\"";
				DEVELOPMENT_TEAM = 4XLC6H6NGW;
				ENABLE_PREVIEWS = YES;
				INFOPLIST_FILE = SCPAccess/Info.plist;
				IPHONEOS_DEPLOYMENT_TARGET = 13.2;
				LD_RUNPATH_SEARCH_PATHS = (
					"$(inherited)",
					"@executable_path/Frameworks",
				);
				PRODUCT_BUNDLE_IDENTIFIER = eu.mfrykman.SCPAccess;
				PRODUCT_NAME = "$(TARGET_NAME)";
				SWIFT_VERSION = 5.0;
				TARGETED_DEVICE_FAMILY = 1;
			};
			name = Release;
		};
/* End XCBuildConfiguration section */

/* Begin XCConfigurationList section */
		102F196423C752D6008A6697 /* Build configuration list for PBXProject "SCPAccess" */ = {
			isa = XCConfigurationList;
			buildConfigurations = (
				102F197B23C75325008A6697 /* Debug */,
				102F197C23C75325008A6697 /* Release */,
			);
			defaultConfigurationIsVisible = 0;
			defaultConfigurationName = Release;
		};
		102F197D23C75325008A6697 /* Build configuration list for PBXNativeTarget "SCPAccess" */ = {
			isa = XCConfigurationList;
			buildConfigurations = (
				102F197E23C75325008A6697 /* Debug */,
				102F197F23C75325008A6697 /* Release */,
			);
			defaultConfigurationIsVisible = 0;
			defaultConfigurationName = Release;
		};
/* End XCConfigurationList section */
	};
	rootObject = 102F196123C752D6008A6697 /* Project object */;
}
